
Microsoft Visual Studio Solution File, Format Version 12.00
# Visual Studio 15
VisualStudioVersion = 15.0.28307.271
MinimumVisualStudioVersion = 10.0.40219.1
Project("{FAE04EC0-301F-11D3-BF4B-00C04F79EFBC}") = "TableTopCalculator", "ResistanceSimulator\TableTopCalculator.csproj", "{6CD4FCE9-C186-4B7C-BCC0-306FA4659A78}"
EndProject
Project("{FAE04EC0-301F-11D3-BF4B-00C04F79EFBC}") = "TableTopCalculatorTest", "..\ResistanceSimulatorTest\TableTopCalculatorTest.csproj", "{A18E6F68-F1A9-4D11-A1EA-A093BB63B6B0}"
EndProject
Global
	GlobalSection(SolutionConfigurationPlatforms) = preSolution
		Debug|Any CPU = Debug|Any CPU
		Release|Any CPU = Release|Any CPU
	EndGlobalSection
	GlobalSection(ProjectConfigurationPlatforms) = postSolution
		{6CD4FCE9-C186-4B7C-BCC0-306FA4659A78}.Debug|Any CPU.ActiveCfg = Debug|Any CPU
		{6CD4FCE9-C186-4B7C-BCC0-306FA4659A78}.Debug|Any CPU.Build.0 = Debug|Any CPU
		{6CD4FCE9-C186-4B7C-BCC0-306FA4659A78}.Release|Any CPU.ActiveCfg = Release|Any CPU
		{6CD4FCE9-C186-4B7C-BCC0-306FA4659A78}.Release|Any CPU.Build.0 = Release|Any CPU
		{A18E6F68-F1A9-4D11-A1EA-A093BB63B6B0}.Debug|Any CPU.ActiveCfg = Debug|Any CPU
		{A18E6F68-F1A9-4D11-A1EA-A093BB63B6B0}.Debug|Any CPU.Build.0 = Debug|Any CPU
		{A18E6F68-F1A9-4D11-A1EA-A093BB63B6B0}.Release|Any CPU.ActiveCfg = Release|Any CPU
		{A18E6F68-F1A9-4D11-A1EA-A093BB63B6B0}.Release|Any CPU.Build.0 = Release|Any CPU
	EndGlobalSection
	GlobalSection(SolutionProperties) = preSolution
		HideSolutionNode = FALSE
	EndGlobalSection
	GlobalSection(ExtensibilityGlobals) = postSolution
		SolutionGuid = {F963547E-F091-4B46-861D-AC23A1BFB32E}
	EndGlobalSection
EndGlobal
